schema: '2.0'
stages:
  sisu:
    cmd: poetry run python ./ufba_data_analysis/sisu/sisu.py -d ./data/raw/sisu -o
      ./data/interim/sisu/sisu_ufba_enrolled.parquet --cfg conf/sisu/process1.yaml
    deps:
    - path: ./data/raw/sisu
      md5: 52021b01bb9098abb4becaf89e465305.dir
      size: 126994358
      nfiles: 15
    - path: ./ufba_data_analysis/sisu/sisu.py
      md5: 988917bcb686c21d59cb60a402987f23
      size: 7912
    - path: conf/sisu/process1.yaml
      md5: a23fdf701c88a4655f34cf2600617d04
      size: 7887
    outs:
    - path: ./data/interim/sisu/sisu_ufba_enrolled.parquet
      md5: c66625d67056856bbb68edef46944b14
      size: 13140179
  fa:
    cmd: poetry run python ./ufba_data_analysis/sisu/fa.py -i ./data/interim/sisu/sisu_ufba_enrolled.parquet
      -o ./data/interim/sisu_with_nse/sisu_ufba_enrolled_with_nse.parquet
    deps:
    - path: ./data/interim/sisu/sisu_ufba_enrolled.parquet
      md5: c66625d67056856bbb68edef46944b14
      size: 13140179
    - path: ./ufba_data_analysis/sisu/fa.py
      md5: cbb7aaded7e01e43b1c80fd85ae2b484
      size: 2139
    params:
      params.yaml:
        factor_analysis.max_iter: 50
        factor_analysis.n_factors: 1
        factor_analysis.nse_cols:
        - educ_pai
        - educ_mae
        - renda_fam_pc
        - tv_cores
        - dvd
        - computador
        - carro
        - maq_lavar
        - geladeira
        - freezer
        - tel_fixo
        - celular
        - internet
        - tv_assinatura
        - aspirador_po
        - empregada
        - banheiro
    outs:
    - path: ./data/interim/sisu_with_nse/sisu_ufba_enrolled_with_nse.parquet
      md5: 199d52f67c544c4a7b6865712f48c5b5
      size: 13024301
